
Microsoft Visual Studio Solution File, Format Version 12.00
Project("{FAE04EC0-301F-11D3-BF4B-00C04F79EFBC}") = "Api", "Api\Api.csproj", "{1043567D-7210-466A-A753-0D1E8E85766E}"
EndProject
Project("{FAE04EC0-301F-11D3-BF4B-00C04F79EFBC}") = "Domain", "Domain\Domain.csproj", "{0B508138-8BA2-4185-BED7-707B42692FBB}"
EndProject
Project("{FAE04EC0-301F-11D3-BF4B-00C04F79EFBC}") = "Infrastructure", "Infrastructure\Infrastructure.csproj", "{7148CE82-4896-4C5C-9F2B-63D3473D54C9}"
EndProject
Project("{FAE04EC0-301F-11D3-BF4B-00C04F79EFBC}") = "Services", "Services\Services.csproj", "{7C560056-F157-4451-B2AB-3FB86A1F9C30}"
EndProject
Project("{FAE04EC0-301F-11D3-BF4B-00C04F79EFBC}") = "DBMigrations", "DBMigrations\DBMigrations.csproj", "{C71F58F0-F1CD-4A2C-B53E-5200528273BD}"
EndProject
Project("{FAE04EC0-301F-11D3-BF4B-00C04F79EFBC}") = "Resources", "Resources\Resources.csproj", "{E79B6884-A5BD-4A43-A0E2-5F7E0C0412FF}"
EndProject
Global
	GlobalSection(SolutionConfigurationPlatforms) = preSolution
		Debug|Any CPU = Debug|Any CPU
		Release|Any CPU = Release|Any CPU
	EndGlobalSection
	GlobalSection(ProjectConfigurationPlatforms) = postSolution
		{1043567D-7210-466A-A753-0D1E8E85766E}.Debug|Any CPU.ActiveCfg = Debug|Any CPU
		{1043567D-7210-466A-A753-0D1E8E85766E}.Debug|Any CPU.Build.0 = Debug|Any CPU
		{1043567D-7210-466A-A753-0D1E8E85766E}.Release|Any CPU.ActiveCfg = Release|Any CPU
		{1043567D-7210-466A-A753-0D1E8E85766E}.Release|Any CPU.Build.0 = Release|Any CPU
		{0B508138-8BA2-4185-BED7-707B42692FBB}.Debug|Any CPU.ActiveCfg = Debug|Any CPU
		{0B508138-8BA2-4185-BED7-707B42692FBB}.Debug|Any CPU.Build.0 = Debug|Any CPU
		{0B508138-8BA2-4185-BED7-707B42692FBB}.Release|Any CPU.ActiveCfg = Release|Any CPU
		{0B508138-8BA2-4185-BED7-707B42692FBB}.Release|Any CPU.Build.0 = Release|Any CPU
		{7148CE82-4896-4C5C-9F2B-63D3473D54C9}.Debug|Any CPU.ActiveCfg = Debug|Any CPU
		{7148CE82-4896-4C5C-9F2B-63D3473D54C9}.Debug|Any CPU.Build.0 = Debug|Any CPU
		{7148CE82-4896-4C5C-9F2B-63D3473D54C9}.Release|Any CPU.ActiveCfg = Release|Any CPU
		{7148CE82-4896-4C5C-9F2B-63D3473D54C9}.Release|Any CPU.Build.0 = Release|Any CPU
		{7C560056-F157-4451-B2AB-3FB86A1F9C30}.Debug|Any CPU.ActiveCfg = Debug|Any CPU
		{7C560056-F157-4451-B2AB-3FB86A1F9C30}.Debug|Any CPU.Build.0 = Debug|Any CPU
		{7C560056-F157-4451-B2AB-3FB86A1F9C30}.Release|Any CPU.ActiveCfg = Release|Any CPU
		{7C560056-F157-4451-B2AB-3FB86A1F9C30}.Release|Any CPU.Build.0 = Release|Any CPU
		{C71F58F0-F1CD-4A2C-B53E-5200528273BD}.Debug|Any CPU.ActiveCfg = Debug|Any CPU
		{C71F58F0-F1CD-4A2C-B53E-5200528273BD}.Debug|Any CPU.Build.0 = Debug|Any CPU
		{C71F58F0-F1CD-4A2C-B53E-5200528273BD}.Release|Any CPU.ActiveCfg = Release|Any CPU
		{C71F58F0-F1CD-4A2C-B53E-5200528273BD}.Release|Any CPU.Build.0 = Release|Any CPU
		{E79B6884-A5BD-4A43-A0E2-5F7E0C0412FF}.Debug|Any CPU.ActiveCfg = Debug|Any CPU
		{E79B6884-A5BD-4A43-A0E2-5F7E0C0412FF}.Debug|Any CPU.Build.0 = Debug|Any CPU
		{E79B6884-A5BD-4A43-A0E2-5F7E0C0412FF}.Release|Any CPU.ActiveCfg = Release|Any CPU
		{E79B6884-A5BD-4A43-A0E2-5F7E0C0412FF}.Release|Any CPU.Build.0 = Release|Any CPU
	EndGlobalSection
EndGlobal
